# This file is automatically @generated by Cargo.
# It is not intended for manual editing.
version = 3

[[package]]
name = "app"
version = "1.0.0"
dependencies = [
 "sgx_types",
 "sgx_urts",
]

[[package]]
name = "libc"
version = "0.2.137"
source = "registry+https://github.com/rust-lang/crates.io-index"
checksum = "fc7fcc620a3bff7cdd7a365be3376c97191aeaccc2a603e600951e452615bf89"

[[package]]
name = "sgx_types"
version = "1.1.5"
source = "git+https://github.com/apache/incubator-teaclave-sgx-sdk?rev=v1.1.5#d2d339cbb005f676bb700059bd51dc689c025f6b"

[[package]]
name = "sgx_urts"
version = "1.1.5"
source = "git+https://github.com/apache/incubator-teaclave-sgx-sdk?rev=v1.1.5#d2d339cbb005f676bb700059bd51dc689c025f6b"
dependencies = [
 "libc",
 "sgx_types",
]
