# This file is automatically @generated by Cargo.
# It is not intended for manual editing.
version = 3

[[package]]
name = "MutualRA"
version = "1.0.0"
dependencies = [
 "base64",
 "bit-vec",
 "chrono",
 "crypto",
 "httparse",
 "itertools",
 "lazy_static",
 "num-bigint",
 "rustls",
 "serde_json",
 "sgx_rand",
 "sgx_tcrypto",
 "sgx_trts",
 "sgx_tse",
 "sgx_tstd",
 "sgx_types",
 "webpki",
 "webpki-roots",
 "yasna",
]

[[package]]
name = "arrayref"
version = "0.3.6"
source = "registry+https://github.com/rust-lang/crates.io-index"
checksum = "a4c527152e37cf757a3f78aae5a06fbeefdb07ccc535c980a3208ee3060dd544"

[[package]]
name = "autocfg"
version = "0.1.8"
source = "registry+https://github.com/rust-lang/crates.io-index"
checksum = "0dde43e75fd43e8a1bf86103336bc699aa8d17ad1be60c76c0bdfd4828e19b78"
dependencies = [
 "autocfg 1.1.0",
]

[[package]]
name = "autocfg"
version = "1.1.0"
source = "registry+https://github.com/rust-lang/crates.io-index"
checksum = "d468802bab17cbc0cc575e9b053f41e72aa36bfa6b7f55e3529ffa43161b97fa"

[[package]]
name = "base64"
version = "0.13.0"
source = "git+https://github.com/mesalock-linux/rust-base64-sgx#dc7389e10817b078f289386b3b6a852ab6c4c021"
dependencies = [
 "sgx_tstd",
]

[[package]]
name = "bit-vec"
version = "0.6.3"
source = "registry+https://github.com/rust-lang/crates.io-index"
checksum = "349f9b6a179ed607305526ca489b34ad0a41aed5f7980fa90eb03160b69598fb"

[[package]]
name = "block-buffer"
version = "0.7.3"
source = "git+https://github.com/mesalock-linux/rustcrypto-utils-sgx#07ebf780554e018037f750186d61ea9bdc031148"
dependencies = [
 "block-padding",
 "byte-tools",
 "byteorder",
 "generic-array",
]

[[package]]
name = "block-padding"
version = "0.1.4"
source = "git+https://github.com/mesalock-linux/rustcrypto-utils-sgx#07ebf780554e018037f750186d61ea9bdc031148"
dependencies = [
 "byte-tools",
]

[[package]]
name = "byte-tools"
version = "0.3.1"
source = "git+https://github.com/mesalock-linux/rustcrypto-utils-sgx#07ebf780554e018037f750186d61ea9bdc031148"

[[package]]
name = "byteorder"
version = "1.3.4"
source = "git+https://github.com/mesalock-linux/byteorder-sgx#325f392dcd294109eb05f0a3c45e4141514c7784"
dependencies = [
 "sgx_tstd",
]

[[package]]
name = "cc"
version = "1.0.77"
source = "registry+https://github.com/rust-lang/crates.io-index"
checksum = "e9f73505338f7d905b19d18738976aae232eb46b8efc15554ffc56deb5d9ebe4"

[[package]]
name = "cfg-if"
version = "0.1.10"
source = "registry+https://github.com/rust-lang/crates.io-index"
checksum = "4785bdd1c96b2a846b2bd7cc02e86b6b3dbf14e7e53446c4f54c92a361040822"

[[package]]
name = "cfg-if"
version = "1.0.0"
source = "registry+https://github.com/rust-lang/crates.io-index"
checksum = "baf1de4339761588bc0619e3cbc0120ee582ebb74b53b4efbf79117bd2da40fd"

[[package]]
name = "chrono"
version = "0.4.11"
source = "git+https://github.com/mesalock-linux/chrono-sgx#f964ae7f5f65bd2c9cd6f44a067e7980afc08ca0"
dependencies = [
 "num-integer",
 "num-traits",
 "sgx_tstd",
]

[[package]]
name = "crunchy"
version = "0.2.2"
source = "registry+https://github.com/rust-lang/crates.io-index"
checksum = "7a81dae078cea95a014a339291cec439d2f232ebe854a9d672b796c6afafa9b7"

[[package]]
name = "crypto"
version = "0.1.0"
dependencies = [
 "flex-error",
 "hex",
 "libsecp256k1",
 "log 0.4.17",
 "serde 1.0.148",
 "sgx_rand",
 "sgx_trts",
 "sgx_tstd",
 "sgx_types",
 "tiny-keccak",
]

[[package]]
name = "crypto-mac"
version = "0.8.0"
source = "git+https://github.com/mesalock-linux/rustcrypto-traits-sgx#7a5cb154f438c2401b3d8e37de96dd0acf8f493e"
dependencies = [
 "generic-array",
 "subtle",
]

[[package]]
name = "digest"
version = "0.8.1"
source = "git+https://github.com/mesalock-linux/rustcrypto-traits-sgx#7a5cb154f438c2401b3d8e37de96dd0acf8f493e"
dependencies = [
 "generic-array",
 "sgx_tstd",
]

[[package]]
name = "either"
version = "1.8.0"
source = "registry+https://github.com/rust-lang/crates.io-index"
checksum = "90e5c1c8368803113bf0c9584fc495a58b86dc8a29edbf8fe877d21d9507e797"

[[package]]
name = "fake-simd"
version = "0.1.2"
source = "registry+https://github.com/rust-lang/crates.io-index"
checksum = "e88a8acf291dafb59c2d96e8f59828f3838bb1a70398823ade51a84de6a6deed"

[[package]]
name = "flex-error"
version = "0.4.4"
source = "registry+https://github.com/rust-lang/crates.io-index"
checksum = "c606d892c9de11507fa0dcffc116434f94e105d0bbdc4e405b61519464c49d7b"
dependencies = [
 "paste",
]

[[package]]
name = "generic-array"
version = "0.12.4"
source = "registry+https://github.com/rust-lang/crates.io-index"
checksum = "ffdf9f34f1447443d37393cc6c2b8313aebddcd96906caf34e54c68d8e57d7bd"
dependencies = [
 "typenum",
]

[[package]]
name = "getrandom"
version = "0.1.14"
source = "git+https://github.com/mesalock-linux/getrandom-sgx#0aa9cc20c7dea713ccaac2c44430d625a395ebae"
dependencies = [
 "cfg-if 0.1.10",
 "sgx_libc",
 "sgx_trts",
 "sgx_tstd",
]

[[package]]
name = "hashbrown_tstd"
version = "0.12.0"
source = "git+https://github.com/apache/incubator-teaclave-sgx-sdk?rev=v1.1.5#d2d339cbb005f676bb700059bd51dc689c025f6b"

[[package]]
name = "hex"
version = "0.4.3"
source = "registry+https://github.com/rust-lang/crates.io-index"
checksum = "7f24254aa9a54b5c858eaee2f5bccdb46aaf0e486a595ed5fd8f86ba55232a70"

[[package]]
name = "hmac"
version = "0.7.1"
source = "git+https://github.com/mesalock-linux/rustcrypto-MACs-sgx#e8e1410b9c82d2e59da42fa8b0d8ed38e80a203c"
dependencies = [
 "crypto-mac",
 "digest",
]

[[package]]
name = "hmac-drbg"
version = "0.1.2"
source = "git+https://github.com/mesalock-linux/hmac-drbg-rs-sgx#89d6b0113157599417af867a8d2b4afd5c6f1946"
dependencies = [
 "generic-array",
 "hmac",
]

[[package]]
name = "httparse"
version = "1.8.0"
source = "registry+https://github.com/rust-lang/crates.io-index"
checksum = "d897f394bad6a705d5f4104762e116a75639e470d80901eed05a860a95cb1904"

[[package]]
name = "itertools"
version = "0.8.2"
source = "registry+https://github.com/rust-lang/crates.io-index"
checksum = "f56a2d0bc861f9165be4eb3442afd3c236d8a98afd426f65d92324ae1091a484"
dependencies = [
 "either",
]

[[package]]
name = "itoa"
version = "0.4.5"
source = "git+https://github.com/mesalock-linux/itoa-sgx#295ee451f5ec74f25c299552b481beb445ea3eb7"
dependencies = [
 "sgx_tstd",
]

[[package]]
name = "lazy_static"
version = "1.4.0"
source = "registry+https://github.com/rust-lang/crates.io-index"
checksum = "e2abad23fbc42b3700f2f279844dc832adb2b2eb069b2df918f455c4e18cc646"
dependencies = [
 "spin",
]

[[package]]
name = "libsecp256k1"
version = "0.3.5"
source = "git+https://github.com/bluele/libsecp256k1-rs-sgx?rev=sgx_1.1.3-patch#b6c7afcd51b69a31ddc6d1f7c9bcfcf4893981e9"
dependencies = [
 "arrayref",
 "crunchy",
 "digest",
 "hmac-drbg",
 "rand",
 "sgx_tstd",
 "sha2",
 "subtle",
 "typenum",
]

[[package]]
name = "log"
version = "0.4.14"
source = "git+https://github.com/mesalock-linux/log-sgx#2ca9039a9ebba0ed90ed2ad57425917d4b3a2a24"
dependencies = [
 "cfg-if 1.0.0",
 "sgx_tstd",
]

[[package]]
name = "log"
version = "0.4.17"
source = "registry+https://github.com/rust-lang/crates.io-index"
checksum = "abb12e687cfb44aa40f41fc3978ef76448f9b6038cad6aef4259d3c095a2382e"
dependencies = [
 "cfg-if 1.0.0",
]

[[package]]
name = "num-bigint"
version = "0.2.5"
source = "git+https://github.com/mesalock-linux/num-bigint-sgx#76a5bed94dc31c32bd1670dbf72877abcf9bbc09"
dependencies = [
 "autocfg 1.1.0",
 "num-integer",
 "num-traits",
 "sgx_tstd",
]

[[package]]
name = "num-integer"
version = "0.1.41"
source = "git+https://github.com/mesalock-linux/num-integer-sgx#404c50e5378ca635261688b080dee328ff42b6bd"
dependencies = [
 "autocfg 0.1.8",
 "num-traits",
 "sgx_tstd",
]

[[package]]
name = "num-traits"
version = "0.2.10"
source = "git+https://github.com/mesalock-linux/num-traits-sgx#af046e0b15c594c960007418097dd4ff37ec3f7a"
dependencies = [
 "autocfg 0.1.8",
 "sgx_tstd",
]

[[package]]
name = "opaque-debug"
version = "0.2.3"
source = "registry+https://github.com/rust-lang/crates.io-index"
checksum = "2839e79665f131bdb5782e51f2c6c9599c133c6098982a54c794358bf432529c"

[[package]]
name = "paste"
version = "1.0.9"
source = "registry+https://github.com/rust-lang/crates.io-index"
checksum = "b1de2e551fb905ac83f73f7aedf2f0cb4a0da7e35efa24a202a936269f1f18e1"

[[package]]
name = "ppv-lite86"
version = "0.2.6"
source = "git+https://github.com/mesalock-linux/cryptocorrosion-sgx#32d7de50b5f03a10fe5a42167410be2dd3c2e389"

[[package]]
name = "proc-macro2"
version = "1.0.47"
source = "registry+https://github.com/rust-lang/crates.io-index"
checksum = "5ea3d908b0e36316caf9e9e2c4625cdde190a7e6f440d794667ed17a1855e725"
dependencies = [
 "unicode-ident",
]

[[package]]
name = "quote"
version = "1.0.21"
source = "registry+https://github.com/rust-lang/crates.io-index"
checksum = "bbe448f377a7d6961e30f5955f9b8d106c3f5e449d493ee1b125c1d43c2b5179"
dependencies = [
 "proc-macro2",
]

[[package]]
name = "rand"
version = "0.7.3"
source = "git+https://github.com/mesalock-linux/rand-sgx?tag=v0.7.3_sgx1.1.3#83583f073de3b4f75c3c3ef5e174d484ed941f85"
dependencies = [
 "getrandom",
 "rand_chacha",
 "rand_core",
 "sgx_tstd",
]

[[package]]
name = "rand_chacha"
version = "0.2.2"
source = "git+https://github.com/mesalock-linux/rand-sgx?tag=v0.7.3_sgx1.1.3#83583f073de3b4f75c3c3ef5e174d484ed941f85"
dependencies = [
 "ppv-lite86",
 "rand_core",
 "sgx_tstd",
]

[[package]]
name = "rand_core"
version = "0.5.1"
source = "git+https://github.com/mesalock-linux/rand-sgx?tag=v0.7.3_sgx1.1.3#83583f073de3b4f75c3c3ef5e174d484ed941f85"
dependencies = [
 "getrandom",
 "sgx_tstd",
]

[[package]]
name = "ring"
version = "0.16.19"
source = "git+https://github.com/mesalock-linux/ring-sgx?tag=v0.16.5#844efe271ed78a399d803b2579f5f2424d543c9f"
dependencies = [
 "cc",
 "sgx_tstd",
 "spin",
 "untrusted",
]

[[package]]
name = "rustls"
version = "0.19.0"
source = "git+https://github.com/mesalock-linux/rustls?branch=mesalock_sgx#95b5e79dc24b02f3ce424437eb9698509d0baf58"
dependencies = [
 "base64",
 "log 0.4.14",
 "ring",
 "sct",
 "sgx_tstd",
 "webpki",
]

[[package]]
name = "ryu"
version = "1.0.11"
source = "registry+https://github.com/rust-lang/crates.io-index"
checksum = "4501abdff3ae82a1c1b477a17252eb69cee9e66eb915c1abaa4f44d873df9f09"

[[package]]
name = "sct"
version = "0.6.0"
source = "git+https://github.com/mesalock-linux/sct.rs?branch=mesalock_sgx#c4d859cca232e6c9d88ca12048df3bc26e1ed4ad"
dependencies = [
 "ring",
 "sgx_tstd",
 "untrusted",
]

[[package]]
name = "serde"
version = "1.0.118"
source = "git+https://github.com/mesalock-linux/serde-sgx#db0226f1d5d70fca6b96af2c285851502204e21c"
dependencies = [
 "sgx_tstd",
]

[[package]]
name = "serde"
version = "1.0.148"
source = "registry+https://github.com/rust-lang/crates.io-index"
checksum = "e53f64bb4ba0191d6d0676e1b141ca55047d83b74f5607e6d8eb88126c52c2dc"
dependencies = [
 "serde_derive",
]

[[package]]
name = "serde_derive"
version = "1.0.148"
source = "registry+https://github.com/rust-lang/crates.io-index"
checksum = "a55492425aa53521babf6137309e7d34c20bbfbbfcfe2c7f3a047fd1f6b92c0c"
dependencies = [
 "proc-macro2",
 "quote",
 "syn",
]

[[package]]
name = "serde_json"
version = "1.0.60"
source = "git+https://github.com/mesalock-linux/serde-json-sgx#380893814ad2a057758d825bab798aa117f7362a"
dependencies = [
 "itoa",
 "ryu",
 "serde 1.0.118",
 "sgx_tstd",
]

[[package]]
name = "sgx_alloc"
version = "1.1.5"
source = "git+https://github.com/apache/incubator-teaclave-sgx-sdk?rev=v1.1.5#d2d339cbb005f676bb700059bd51dc689c025f6b"

[[package]]
name = "sgx_backtrace_sys"
version = "1.1.5"
source = "git+https://github.com/apache/incubator-teaclave-sgx-sdk?rev=v1.1.5#d2d339cbb005f676bb700059bd51dc689c025f6b"
dependencies = [
 "cc",
 "sgx_build_helper",
 "sgx_libc",
]

[[package]]
name = "sgx_build_helper"
version = "1.1.5"
source = "git+https://github.com/apache/incubator-teaclave-sgx-sdk?rev=v1.1.5#d2d339cbb005f676bb700059bd51dc689c025f6b"

[[package]]
name = "sgx_demangle"
version = "1.1.5"
source = "git+https://github.com/apache/incubator-teaclave-sgx-sdk?rev=v1.1.5#d2d339cbb005f676bb700059bd51dc689c025f6b"

[[package]]
name = "sgx_libc"
version = "1.1.5"
source = "git+https://github.com/apache/incubator-teaclave-sgx-sdk?rev=v1.1.5#d2d339cbb005f676bb700059bd51dc689c025f6b"
dependencies = [
 "sgx_types",
]

[[package]]
name = "sgx_rand"
version = "1.1.5"
source = "git+https://github.com/apache/incubator-teaclave-sgx-sdk?rev=v1.1.5#d2d339cbb005f676bb700059bd51dc689c025f6b"
dependencies = [
 "sgx_trts",
 "sgx_tstd",
 "sgx_types",
]

[[package]]
name = "sgx_tcrypto"
version = "1.1.5"
source = "git+https://github.com/apache/incubator-teaclave-sgx-sdk?rev=v1.1.5#d2d339cbb005f676bb700059bd51dc689c025f6b"
dependencies = [
 "sgx_types",
]

[[package]]
name = "sgx_tprotected_fs"
version = "1.1.5"
source = "git+https://github.com/apache/incubator-teaclave-sgx-sdk?rev=v1.1.5#d2d339cbb005f676bb700059bd51dc689c025f6b"
dependencies = [
 "sgx_trts",
 "sgx_types",
]

[[package]]
name = "sgx_trts"
version = "1.1.5"
source = "git+https://github.com/apache/incubator-teaclave-sgx-sdk?rev=v1.1.5#d2d339cbb005f676bb700059bd51dc689c025f6b"
dependencies = [
 "sgx_libc",
 "sgx_types",
]

[[package]]
name = "sgx_tse"
version = "1.1.5"
source = "git+https://github.com/apache/incubator-teaclave-sgx-sdk?rev=v1.1.5#d2d339cbb005f676bb700059bd51dc689c025f6b"
dependencies = [
 "sgx_types",
]

[[package]]
name = "sgx_tstd"
version = "1.1.5"
source = "git+https://github.com/apache/incubator-teaclave-sgx-sdk?rev=v1.1.5#d2d339cbb005f676bb700059bd51dc689c025f6b"
dependencies = [
 "hashbrown_tstd",
 "sgx_alloc",
 "sgx_backtrace_sys",
 "sgx_demangle",
 "sgx_libc",
 "sgx_tprotected_fs",
 "sgx_trts",
 "sgx_types",
 "sgx_unwind",
]

[[package]]
name = "sgx_types"
version = "1.1.5"
source = "git+https://github.com/apache/incubator-teaclave-sgx-sdk?rev=v1.1.5#d2d339cbb005f676bb700059bd51dc689c025f6b"

[[package]]
name = "sgx_unwind"
version = "1.1.5"
source = "git+https://github.com/apache/incubator-teaclave-sgx-sdk?rev=v1.1.5#d2d339cbb005f676bb700059bd51dc689c025f6b"
dependencies = [
 "sgx_build_helper",
]

[[package]]
name = "sha2"
version = "0.8.0"
source = "git+https://github.com/mesalock-linux/rustcrypto-hashes-sgx#54ac4af765ec6b424add4e7559e82328bd052060"
dependencies = [
 "block-buffer",
 "digest",
 "fake-simd",
 "opaque-debug",
 "sgx_tstd",
]

[[package]]
name = "spin"
version = "0.5.2"
source = "registry+https://github.com/rust-lang/crates.io-index"
checksum = "6e63cff320ae2c57904679ba7cb63280a3dc4613885beafb148ee7bf9aa9042d"

[[package]]
name = "subtle"
version = "2.2.2"
source = "git+https://github.com/mesalock-linux/subtle-sgx#8ee32fc0902a4594bd12e272357e2d76cde9dad1"
dependencies = [
 "sgx_tstd",
]

[[package]]
name = "syn"
version = "1.0.104"
source = "registry+https://github.com/rust-lang/crates.io-index"
checksum = "4ae548ec36cf198c0ef7710d3c230987c2d6d7bd98ad6edc0274462724c585ce"
dependencies = [
 "proc-macro2",
 "quote",
 "unicode-ident",
]

[[package]]
name = "tiny-keccak"
version = "1.5.0"
source = "registry+https://github.com/rust-lang/crates.io-index"
checksum = "1d8a021c69bb74a44ccedb824a046447e2c84a01df9e5c20779750acb38e11b2"
dependencies = [
 "crunchy",
]

[[package]]
name = "typenum"
version = "1.15.0"
source = "registry+https://github.com/rust-lang/crates.io-index"
checksum = "dcf81ac59edc17cc8697ff311e8f5ef2d99fcbd9817b34cec66f90b6c3dfd987"

[[package]]
name = "unicode-ident"
version = "1.0.5"
source = "registry+https://github.com/rust-lang/crates.io-index"
checksum = "6ceab39d59e4c9499d4e5a8ee0e2735b891bb7308ac83dfb4e80cad195c9f6f3"

[[package]]
name = "untrusted"
version = "0.7.1"
source = "registry+https://github.com/rust-lang/crates.io-index"
checksum = "a156c684c91ea7d62626509bce3cb4e1d9ed5c4d978f7b4352658f96a4c26b4a"

[[package]]
name = "webpki"
version = "0.21.4"
source = "git+https://github.com/mesalock-linux/webpki?branch=mesalock_sgx#8dbe6fbeefadf05582ae47c7fa818b04db49c61e"
dependencies = [
 "ring",
 "sgx_tstd",
 "untrusted",
]

[[package]]
name = "webpki-roots"
version = "0.21.0"
source = "git+https://github.com/mesalock-linux/webpki-roots?branch=mesalock_sgx#6ff3be547ac13ccd46ae55605ad6506ce30688ef"
dependencies = [
 "sgx_tstd",
 "webpki",
]

[[package]]
name = "yasna"
version = "0.3.1"
source = "git+https://github.com/mesalock-linux/yasna.rs-sgx#a1f50714cd3eb29608ecf7888cacedc173edfdb2"
dependencies = [
 "bit-vec",
 "chrono",
 "num-bigint",
 "sgx_tstd",
]

[[patch.unused]]
name = "sgx_align_struct_attribute"
version = "1.1.5"
source = "git+https://github.com/apache/incubator-teaclave-sgx-sdk?rev=v1.1.5#d2d339cbb005f676bb700059bd51dc689c025f6b"

[[patch.unused]]
name = "sgx_backtrace"
version = "1.1.5"
source = "git+https://github.com/apache/incubator-teaclave-sgx-sdk?rev=v1.1.5#d2d339cbb005f676bb700059bd51dc689c025f6b"

[[patch.unused]]
name = "sgx_cov"
version = "1.1.5"
source = "git+https://github.com/apache/incubator-teaclave-sgx-sdk?rev=v1.1.5#d2d339cbb005f676bb700059bd51dc689c025f6b"

[[patch.unused]]
name = "sgx_crypto_helper"
version = "1.1.5"
source = "git+https://github.com/apache/incubator-teaclave-sgx-sdk?rev=v1.1.5#d2d339cbb005f676bb700059bd51dc689c025f6b"

[[patch.unused]]
name = "sgx_no_tstd"
version = "1.1.5"
source = "git+https://github.com/apache/incubator-teaclave-sgx-sdk?rev=v1.1.5#d2d339cbb005f676bb700059bd51dc689c025f6b"

[[patch.unused]]
name = "sgx_rand_derive"
version = "1.1.5"
source = "git+https://github.com/apache/incubator-teaclave-sgx-sdk?rev=v1.1.5#d2d339cbb005f676bb700059bd51dc689c025f6b"

[[patch.unused]]
name = "sgx_serialize"
version = "1.1.5"
source = "git+https://github.com/apache/incubator-teaclave-sgx-sdk?rev=v1.1.5#d2d339cbb005f676bb700059bd51dc689c025f6b"

[[patch.unused]]
name = "sgx_serialize_derive"
version = "1.1.5"
source = "git+https://github.com/apache/incubator-teaclave-sgx-sdk?rev=v1.1.5#d2d339cbb005f676bb700059bd51dc689c025f6b"

[[patch.unused]]
name = "sgx_serialize_derive_internals"
version = "1.1.5"
source = "git+https://github.com/apache/incubator-teaclave-sgx-sdk?rev=v1.1.5#d2d339cbb005f676bb700059bd51dc689c025f6b"

[[patch.unused]]
name = "sgx_tcrypto_helper"
version = "1.1.5"
source = "git+https://github.com/apache/incubator-teaclave-sgx-sdk?rev=v1.1.5#d2d339cbb005f676bb700059bd51dc689c025f6b"

[[patch.unused]]
name = "sgx_tdh"
version = "1.1.5"
source = "git+https://github.com/apache/incubator-teaclave-sgx-sdk?rev=v1.1.5#d2d339cbb005f676bb700059bd51dc689c025f6b"

[[patch.unused]]
name = "sgx_tkey_exchange"
version = "1.1.5"
source = "git+https://github.com/apache/incubator-teaclave-sgx-sdk?rev=v1.1.5#d2d339cbb005f676bb700059bd51dc689c025f6b"

[[patch.unused]]
name = "sgx_tseal"
version = "1.1.5"
source = "git+https://github.com/apache/incubator-teaclave-sgx-sdk?rev=v1.1.5#d2d339cbb005f676bb700059bd51dc689c025f6b"

[[patch.unused]]
name = "sgx_tunittest"
version = "1.1.5"
source = "git+https://github.com/apache/incubator-teaclave-sgx-sdk?rev=v1.1.5#d2d339cbb005f676bb700059bd51dc689c025f6b"
